
Microsoft Visual Studio Solution File, Format Version 12.00
# Visual Studio 2015
Project("{FAE04EC0-301F-11D3-BF4B-00C04F79EFBC}") = "First game.CSharp", "First game.CSharp.csproj", "{28120D85-AFC2-0FED-D4EE-B5934EA5EAAD}"
EndProject
Global
	GlobalSection(SolutionConfigurationPlatforms) = preSolution
		Debug|Any CPU = Debug|Any CPU
		Release|Any CPU = Release|Any CPU
	EndGlobalSection
	GlobalSection(ProjectConfigurationPlatforms) = postSolution
		{28120D85-AFC2-0FED-D4EE-B5934EA5EAAD}.Debug|Any CPU.ActiveCfg = Debug|Any CPU
		{28120D85-AFC2-0FED-D4EE-B5934EA5EAAD}.Debug|Any CPU.Build.0 = Debug|Any CPU
		{28120D85-AFC2-0FED-D4EE-B5934EA5EAAD}.Release|Any CPU.ActiveCfg = Release|Any CPU
		{28120D85-AFC2-0FED-D4EE-B5934EA5EAAD}.Release|Any CPU.Build.0 = Release|Any CPU
	EndGlobalSection
	GlobalSection(SolutionProperties) = preSolution
		HideSolutionNode = FALSE
	EndGlobalSection
EndGlobal
